
Microsoft Visual Studio Solution File, Format Version 12.00
# Visual Studio Version 17
VisualStudioVersion = 17.0.31903.59
MinimumVisualStudioVersion = 10.0.40219.1
Project("{2150E333-8FDC-42A3-9474-1A3956D46DE8}") = "SourceCode", "SourceCode", "{1CE96ABC-977F-9E98-3EDA-16B046FFEBCD}"
EndProject
Project("{FAE04EC0-301F-11D3-BF4B-00C04F79EFBC}") = "SBCameraScroll", "SourceCode\SBCameraScroll.csproj", "{B4C76AB6-0A27-4724-AD0F-2CCA20DE9B5B}"
EndProject
Global
	GlobalSection(SolutionConfigurationPlatforms) = preSolution
		Debug|Any CPU = Debug|Any CPU
		Debug|x64 = Debug|x64
		Debug|x86 = Debug|x86
		Release|Any CPU = Release|Any CPU
		Release|x64 = Release|x64
		Release|x86 = Release|x86
	EndGlobalSection
	GlobalSection(ProjectConfigurationPlatforms) = postSolution
		{B4C76AB6-0A27-4724-AD0F-2CCA20DE9B5B}.Debug|Any CPU.ActiveCfg = Debug|Any CPU
		{B4C76AB6-0A27-4724-AD0F-2CCA20DE9B5B}.Debug|Any CPU.Build.0 = Debug|Any CPU
		{B4C76AB6-0A27-4724-AD0F-2CCA20DE9B5B}.Debug|x64.ActiveCfg = Debug|Any CPU
		{B4C76AB6-0A27-4724-AD0F-2CCA20DE9B5B}.Debug|x64.Build.0 = Debug|Any CPU
		{B4C76AB6-0A27-4724-AD0F-2CCA20DE9B5B}.Debug|x86.ActiveCfg = Debug|Any CPU
		{B4C76AB6-0A27-4724-AD0F-2CCA20DE9B5B}.Debug|x86.Build.0 = Debug|Any CPU
		{B4C76AB6-0A27-4724-AD0F-2CCA20DE9B5B}.Release|Any CPU.ActiveCfg = Release|Any CPU
		{B4C76AB6-0A27-4724-AD0F-2CCA20DE9B5B}.Release|Any CPU.Build.0 = Release|Any CPU
		{B4C76AB6-0A27-4724-AD0F-2CCA20DE9B5B}.Release|x64.ActiveCfg = Release|Any CPU
		{B4C76AB6-0A27-4724-AD0F-2CCA20DE9B5B}.Release|x64.Build.0 = Release|Any CPU
		{B4C76AB6-0A27-4724-AD0F-2CCA20DE9B5B}.Release|x86.ActiveCfg = Release|Any CPU
		{B4C76AB6-0A27-4724-AD0F-2CCA20DE9B5B}.Release|x86.Build.0 = Release|Any CPU
	EndGlobalSection
	GlobalSection(SolutionProperties) = preSolution
		HideSolutionNode = FALSE
	EndGlobalSection
	GlobalSection(NestedProjects) = preSolution
		{B4C76AB6-0A27-4724-AD0F-2CCA20DE9B5B} = {1CE96ABC-977F-9E98-3EDA-16B046FFEBCD}
	EndGlobalSection
EndGlobal
